// !$*UTF8*$!
{
	archiveVersion = 1;
	classes = {
	};
	objectVersion = 56;
	objects = {

/* Begin PBXBuildFile section */
		82FD98212B758CF200D811CF /* NYCHighSchoolsApp.swift in Sources */ = {isa = PBXBuildFile; fileRef = 82FD98202B758CF200D811CF /* NYCHighSchoolsApp.swift */; };
		82FD98232B758CF200D811CF /* ContentView.swift in Sources */ = {isa = PBXBuildFile; fileRef = 82FD98222B758CF200D811CF /* ContentView.swift */; };
		82FD98252B758CFA00D811CF /* Assets.xcassets in Resources */ = {isa = PBXBuildFile; fileRef = 82FD98242B758CFA00D811CF /* Assets.xcassets */; };
		82FD98282B758CFA00D811CF /* Preview Assets.xcassets in Resources */ = {isa = PBXBuildFile; fileRef = 82FD98272B758CFA00D811CF /* Preview Assets.xcassets */; };
		82FD98322B758CFC00D811CF /* NYCHighSchoolsTests.swift in Sources */ = {isa = PBXBuildFile; fileRef = 82FD98312B758CFC00D811CF /* NYCHighSchoolsTests.swift */; };
		82FD983C2B758CFC00D811CF /* NYCHighSchoolsUITests.swift in Sources */ = {isa = PBXBuildFile; fileRef = 82FD983B2B758CFC00D811CF /* NYCHighSchoolsUITests.swift */; };
		82FD983E2B758CFC00D811CF /* NYCHighSchoolsUITestsLaunchTests.swift in Sources */ = {isa = PBXBuildFile; fileRef = 82FD983D2B758CFC00D811CF /* NYCHighSchoolsUITestsLaunchTests.swift */; };
		82FD984B2B758D5000D811CF /* SchoolViewModel.swift in Sources */ = {isa = PBXBuildFile; fileRef = 82FD984A2B758D5000D811CF /* SchoolViewModel.swift */; };
/* End PBXBuildFile section */

/* Begin PBXContainerItemProxy section */
		82FD982E2B758CFC00D811CF /* PBXContainerItemProxy */ = {
			isa = PBXContainerItemProxy;
			containerPortal = 82FD98152B758CF100D811CF /* Project object */;
			proxyType = 1;
			remoteGlobalIDString = 82FD981C2B758CF100D811CF;
			remoteInfo = NYCHighSchools;
		};
		82FD98382B758CFC00D811CF /* PBXContainerItemProxy */ = {
			isa = PBXContainerItemProxy;
			containerPortal = 82FD98152B758CF100D811CF /* Project object */;
			proxyType = 1;
			remoteGlobalIDString = 82FD981C2B758CF100D811CF;
			remoteInfo = NYCHighSchools;
		};
/* End PBXContainerItemProxy section */

/* Begin PBXFileReference section */
		82FD981D2B758CF100D811CF /* NYCHighSchools.app */ = {isa = PBXFileReference; explicitFileType = wrapper.application; includeInIndex = 0; path = NYCHighSchools.app; sourceTree = BUILT_PRODUCTS_DIR; };
		82FD98202B758CF200D811CF /* NYCHighSchoolsApp.swift */ = {isa = PBXFileReference; lastKnownFileType = sourcecode.swift; path = NYCHighSchoolsApp.swift; sourceTree = "<group>"; };
		82FD98222B758CF200D811CF /* ContentView.swift */ = {isa = PBXFileReference; lastKnownFileType = sourcecode.swift; path = ContentView.swift; sourceTree = "<group>"; };
		82FD98242B758CFA00D811CF /* Assets.xcassets */ = {isa = PBXFileReference; lastKnownFileType = folder.assetcatalog; path = Assets.xcassets; sourceTree = "<group>"; };
		82FD98272B758CFA00D811CF /* Preview Assets.xcassets */ = {isa = PBXFileReference; lastKnownFileType = folder.assetcatalog; path = "Preview Assets.xcassets"; sourceTree = "<group>"; };
		82FD982D2B758CFC00D811CF /* NYCHighSchoolsTests.xctest */ = {isa = PBXFileReference; explicitFileType = wrapper.cfbundle; includeInIndex = 0; path = NYCHighSchoolsTests.xctest; sourceTree = BUILT_PRODUCTS_DIR; };
		82FD98312B758CFC00D811CF /* NYCHighSchoolsTests.swift */ = {isa = PBXFileReference; lastKnownFileType = sourcecode.swift; path = NYCHighSchoolsTests.swift; sourceTree = "<group>"; };
		82FD98372B758CFC00D811CF /* NYCHighSchoolsUITests.xctest */ = {isa = PBXFileReference; explicitFileType = wrapper.cfbundle; includeInIndex = 0; path = NYCHighSchoolsUITests.xctest; sourceTree = BUILT_PRODUCTS_DIR; };
		82FD983B2B758CFC00D811CF /* NYCHighSchoolsUITests.swift */ = {isa = PBXFileReference; lastKnownFileType = sourcecode.swift; path = NYCHighSchoolsUITests.swift; sourceTree = "<group>"; };
		82FD983D2B758CFC00D811CF /* NYCHighSchoolsUITestsLaunchTests.swift */ = {isa = PBXFileReference; lastKnownFileType = sourcecode.swift; path = NYCHighSchoolsUITestsLaunchTests.swift; sourceTree = "<group>"; };
		82FD984A2B758D5000D811CF /* SchoolViewModel.swift */ = {isa = PBXFileReference; lastKnownFileType = sourcecode.swift; path = SchoolViewModel.swift; sourceTree = "<group>"; };
/* End PBXFileReference section */

/* Begin PBXFrameworksBuildPhase section */
		82FD981A2B758CF100D811CF /* Frameworks */ = {
			isa = PBXFrameworksBuildPhase;
			buildActionMask = 2147483647;
			files = (
			);
			runOnlyForDeploymentPostprocessing = 0;
		};
		82FD982A2B758CFC00D811CF /* Frameworks */ = {
			isa = PBXFrameworksBuildPhase;
			buildActionMask = 2147483647;
			files = (
			);
			runOnlyForDeploymentPostprocessing = 0;
		};
		82FD98342B758CFC00D811CF /* Frameworks */ = {
			isa = PBXFrameworksBuildPhase;
			buildActionMask = 2147483647;
			files = (
			);
			runOnlyForDeploymentPostprocessing = 0;
		};
/* End PBXFrameworksBuildPhase section */

/* Begin PBXGroup section */
		82FD98142B758CF100D811CF = {
			isa = PBXGroup;
			children = (
				82FD981F2B758CF200D811CF /* NYCHighSchools */,
				82FD98302B758CFC00D811CF /* NYCHighSchoolsTests */,
				82FD983A2B758CFC00D811CF /* NYCHighSchoolsUITests */,
				82FD981E2B758CF100D811CF /* Products */,
			);
			sourceTree = "<group>";
		};
		82FD981E2B758CF100D811CF /* Products */ = {
			isa = PBXGroup;
			children = (
				82FD981D2B758CF100D811CF /* NYCHighSchools.app */,
				82FD982D2B758CFC00D811CF /* NYCHighSchoolsTests.xctest */,
				82FD98372B758CFC00D811CF /* NYCHighSchoolsUITests.xctest */,
			);
			name = Products;
			sourceTree = "<group>";
		};
		82FD981F2B758CF200D811CF /* NYCHighSchools */ = {
			isa = PBXGroup;
			children = (
				82FD98202B758CF200D811CF /* NYCHighSchoolsApp.swift */,
				82FD98222B758CF200D811CF /* ContentView.swift */,
				82FD984A2B758D5000D811CF /* SchoolViewModel.swift */,
				82FD98242B758CFA00D811CF /* Assets.xcassets */,
				82FD98262B758CFA00D811CF /* Preview Content */,
			);
			path = NYCHighSchools;
			sourceTree = "<group>";
		};
		82FD98262B758CFA00D811CF /* Preview Content */ = {
			isa = PBXGroup;
			children = (
				82FD98272B758CFA00D811CF /* Preview Assets.xcassets */,
			);
			path = "Preview Content";
			sourceTree = "<group>";
		};
		82FD98302B758CFC00D811CF /* NYCHighSchoolsTests */ = {
			isa = PBXGroup;
			children = (
				82FD98312B758CFC00D811CF /* NYCHighSchoolsTests.swift */,
			);
			path = NYCHighSchoolsTests;
			sourceTree = "<group>";
		};
		82FD983A2B758CFC00D811CF /* NYCHighSchoolsUITests */ = {
			isa = PBXGroup;
			children = (
				82FD983B2B758CFC00D811CF /* NYCHighSchoolsUITests.swift */,
				82FD983D2B758CFC00D811CF /* NYCHighSchoolsUITestsLaunchTests.swift */,
			);
			path = NYCHighSchoolsUITests;
			sourceTree = "<group>";
		};
/* End PBXGroup section */

/* Begin PBXNativeTarget section */
		82FD981C2B758CF100D811CF /* NYCHighSchools */ = {
			isa = PBXNativeTarget;
			buildConfigurationList = 82FD98412B758CFC00D811CF /* Build configuration list for PBXNativeTarget "NYCHighSchools" */;
			buildPhases = (
				82FD98192B758CF100D811CF /* Sources */,
				82FD981A2B758CF100D811CF /* Frameworks */,
				82FD981B2B758CF100D811CF /* Resources */,
			);
			buildRules = (
			);
			dependencies = (
			);
			name = NYCHighSchools;
			productName = NYCHighSchools;
			productReference = 82FD981D2B758CF100D811CF /* NYCHighSchools.app */;
			productType = "com.apple.product-type.application";
		};
		82FD982C2B758CFC00D811CF /* NYCHighSchoolsTests */ = {
			isa = PBXNativeTarget;
			buildConfigurationList = 82FD98442B758CFC00D811CF /* Build configuration list for PBXNativeTarget "NYCHighSchoolsTests" */;
			buildPhases = (
				82FD98292B758CFC00D811CF /* Sources */,
				82FD982A2B758CFC00D811CF /* Frameworks */,
				82FD982B2B758CFC00D811CF /* Resources */,
			);
			buildRules = (
			);
			dependencies = (
				82FD982F2B758CFC00D811CF /* PBXTargetDependency */,
			);
			name = NYCHighSchoolsTests;
			productName = NYCHighSchoolsTests;
			productReference = 82FD982D2B758CFC00D811CF /* NYCHighSchoolsTests.xctest */;
			productType = "com.apple.product-type.bundle.unit-test";
		};
		82FD98362B758CFC00D811CF /* NYCHighSchoolsUITests */ = {
			isa = PBXNativeTarget;
			buildConfigurationList = 82FD98472B758CFC00D811CF /* Build configuration list for PBXNativeTarget "NYCHighSchoolsUITests" */;
			buildPhases = (
				82FD98332B758CFC00D811CF /* Sources */,
				82FD98342B758CFC00D811CF /* Frameworks */,
				82FD98352B758CFC00D811CF /* Resources */,
			);
			buildRules = (
			);
			dependencies = (
				82FD98392B758CFC00D811CF /* PBXTargetDependency */,
			);
			name = NYCHighSchoolsUITests;
			productName = NYCHighSchoolsUITests;
			productReference = 82FD98372B758CFC00D811CF /* NYCHighSchoolsUITests.xctest */;
			productType = "com.apple.product-type.bundle.ui-testing";
		};
/* End PBXNativeTarget section */

/* Begin PBXProject section */
		82FD98152B758CF100D811CF /* Project object */ = {
			isa = PBXProject;
			attributes = {
				BuildIndependentTargetsInParallel = 1;
				LastSwiftUpdateCheck = 1520;
				LastUpgradeCheck = 1520;
				TargetAttributes = {
					82FD981C2B758CF100D811CF = {
						CreatedOnToolsVersion = 15.2;
					};
					82FD982C2B758CFC00D811CF = {
						CreatedOnToolsVersion = 15.2;
						TestTargetID = 82FD981C2B758CF100D811CF;
					};
					82FD98362B758CFC00D811CF = {
						CreatedOnToolsVersion = 15.2;
						TestTargetID = 82FD981C2B758CF100D811CF;
					};
				};
			};
			buildConfigurationList = 82FD98182B758CF100D811CF /* Build configuration list for PBXProject "NYCHighSchools" */;
			compatibilityVersion = "Xcode 14.0";
			developmentRegion = en;
			hasScannedForEncodings = 0;
			knownRegions = (
				en,
				Base,
			);
			mainGroup = 82FD98142B758CF100D811CF;
			productRefGroup = 82FD981E2B758CF100D811CF /* Products */;
			projectDirPath = "";
			projectRoot = "";
			targets = (
				82FD981C2B758CF100D811CF /* NYCHighSchools */,
				82FD982C2B758CFC00D811CF /* NYCHighSchoolsTests */,
				82FD98362B758CFC00D811CF /* NYCHighSchoolsUITests */,
			);
		};
/* End PBXProject section */

/* Begin PBXResourcesBuildPhase section */
		82FD981B2B758CF100D811CF /* Resources */ = {
			isa = PBXResourcesBuildPhase;
			buildActionMask = 2147483647;
			files = (
				82FD98282B758CFA00D811CF /* Preview Assets.xcassets in Resources */,
				82FD98252B758CFA00D811CF /* Assets.xcassets in Resources */,
			);
			runOnlyForDeploymentPostprocessing = 0;
		};
		82FD982B2B758CFC00D811CF /* Resources */ = {
			isa = PBXResourcesBuildPhase;
			buildActionMask = 2147483647;
			files = (
			);
			runOnlyForDeploymentPostprocessing = 0;
		};
		82FD98352B758CFC00D811CF /* Resources */ = {
			isa = PBXResourcesBuildPhase;
			buildActionMask = 2147483647;
			files = (
			);
			runOnlyForDeploymentPostprocessing = 0;
		};
/* End PBXResourcesBuildPhase section */

/* Begin PBXSourcesBuildPhase section */
		82FD98192B758CF100D811CF /* Sources */ = {
			isa = PBXSourcesBuildPhase;
			buildActionMask = 2147483647;
			files = (
				82FD984B2B758D5000D811CF /* SchoolViewModel.swift in Sources */,
				82FD98232B758CF200D811CF /* ContentView.swift in Sources */,
				82FD98212B758CF200D811CF /* NYCHighSchoolsApp.swift in Sources */,
			);
			runOnlyForDeploymentPostprocessing = 0;
		};
		82FD98292B758CFC00D811CF /* Sources */ = {
			isa = PBXSourcesBuildPhase;
			buildActionMask = 2147483647;
			files = (
				82FD98322B758CFC00D811CF /* NYCHighSchoolsTests.swift in Sources */,
			);
			runOnlyForDeploymentPostprocessing = 0;
		};
		82FD98332B758CFC00D811CF /* Sources */ = {
			isa = PBXSourcesBuildPhase;
			buildActionMask = 2147483647;
			files = (
				82FD983C2B758CFC00D811CF /* NYCHighSchoolsUITests.swift in Sources */,
				82FD983E2B758CFC00D811CF /* NYCHighSchoolsUITestsLaunchTests.swift in Sources */,
			);
			runOnlyForDeploymentPostprocessing = 0;
		};
/* End PBXSourcesBuildPhase section */

/* Begin PBXTargetDependency section */
		82FD982F2B758CFC00D811CF /* PBXTargetDependency */ = {
			isa = PBXTargetDependency;
			target = 82FD981C2B758CF100D811CF /* NYCHighSchools */;
			targetProxy = 82FD982E2B758CFC00D811CF /* PBXContainerItemProxy */;
		};
		82FD98392B758CFC00D811CF /* PBXTargetDependency */ = {
			isa = PBXTargetDependency;
			target = 82FD981C2B758CF100D811CF /* NYCHighSchools */;
			targetProxy = 82FD98382B758CFC00D811CF /* PBXContainerItemProxy */;
		};
/* End PBXTargetDependency section */

/* Begin XCBuildConfiguration section */
		82FD983F2B758CFC00D811CF /* Debug */ = {
			isa = XCBuildConfiguration;
			buildSettings = {
				ALWAYS_SEARCH_USER_PATHS = NO;
				ASSETCATALOG_COMPILER_GENERATE_SWIFT_ASSET_SYMBOL_EXTENSIONS = YES;
				CLANG_ANALYZER_NONNULL = YES;
				CLANG_ANALYZER_NUMBER_OBJECT_CONVERSION = YES_AGGRESSIVE;
				CLANG_CXX_LANGUAGE_STANDARD = "gnu++20";
				CLANG_ENABLE_MODULES = YES;
				CLANG_ENABLE_OBJC_ARC = YES;
				CLANG_ENABLE_OBJC_WEAK = YES;
				CLANG_WARN_BLOCK_CAPTURE_AUTORELEASING = YES;
				CLANG_WARN_BOOL_CONVERSION = YES;
				CLANG_WARN_COMMA = YES;
				CLANG_WARN_CONSTANT_CONVERSION = YES;
				CLANG_WARN_DEPRECATED_OBJC_IMPLEMENTATIONS = YES;
				CLANG_WARN_DIRECT_OBJC_ISA_USAGE = YES_ERROR;
				CLANG_WARN_DOCUMENTATION_COMMENTS = YES;
				CLANG_WARN_EMPTY_BODY = YES;
				CLANG_WARN_ENUM_CONVERSION = YES;
				CLANG_WARN_INFINITE_RECURSION = YES;
				CLANG_WARN_INT_CONVERSION = YES;
				CLANG_WARN_NON_LITERAL_NULL_CONVERSION = YES;
				CLANG_WARN_OBJC_IMPLICIT_RETAIN_SELF = YES;
				CLANG_WARN_OBJC_LITERAL_CONVERSION = YES;
				CLANG_WARN_OBJC_ROOT_CLASS = YES_ERROR;
				CLANG_WARN_QUOTED_INCLUDE_IN_FRAMEWORK_HEADER = YES;
				CLANG_WARN_RANGE_LOOP_ANALYSIS = YES;
				CLANG_WARN_STRICT_PROTOTYPES = YES;
				CLANG_WARN_SUSPICIOUS_MOVE = YES;
				CLANG_WARN_UNGUARDED_AVAILABILITY = YES_AGGRESSIVE;
				CLANG_WARN_UNREACHABLE_CODE = YES;
				CLANG_WARN__DUPLICATE_METHOD_MATCH = YES;
				COPY_PHASE_STRIP = NO;
				DEBUG_INFORMATION_FORMAT = dwarf;
				ENABLE_STRICT_OBJC_MSGSEND = YES;
				ENABLE_TESTABILITY = YES;
				ENABLE_USER_SCRIPT_SANDBOXING = YES;
				GCC_C_LANGUAGE_STANDARD = gnu17;
				GCC_DYNAMIC_NO_PIC = NO;
				GCC_NO_COMMON_BLOCKS = YES;
				GCC_OPTIMIZATION_LEVEL = 0;
				GCC_PREPROCESSOR_DEFINITIONS = (
					"DEBUG=1",
					"$(inherited)",
				);
				GCC_WARN_64_TO_32_BIT_CONVERSION = YES;
				GCC_WARN_ABOUT_RETURN_TYPE = YES_ERROR;
				GCC_WARN_UNDECLARED_SELECTOR = YES;
				GCC_WARN_UNINITIALIZED_AUTOS = YES_AGGRESSIVE;
				GCC_WARN_UNUSED_FUNCTION = YES;
				GCC_WARN_UNUSED_VARIABLE = YES;
				IPHONEOS_DEPLOYMENT_TARGET = 17.2;
				LOCALIZATION_PREFERS_STRING_CATALOGS = YES;
				MTL_ENABLE_DEBUG_INFO = INCLUDE_SOURCE;
				MTL_FAST_MATH = YES;
				ONLY_ACTIVE_ARCH = YES;
				SDKROOT = iphoneos;
				SWIFT_ACTIVE_COMPILATION_CONDITIONS = "DEBUG $(inherited)";
				SWIFT_OPTIMIZATION_LEVEL = "-Onone";
			};
			name = Debug;
		};
		82FD98402B758CFC00D811CF /* Release */ = {
			isa = XCBuildConfiguration;
			buildSettings = {
				ALWAYS_SEARCH_USER_PATHS = NO;
				ASSETCATALOG_COMPILER_GENERATE_SWIFT_ASSET_SYMBOL_EXTENSIONS = YES;
				CLANG_ANALYZER_NONNULL = YES;
				CLANG_ANALYZER_NUMBER_OBJECT_CONVERSION = YES_AGGRESSIVE;
				CLANG_CXX_LANGUAGE_STANDARD = "gnu++20";
				CLANG_ENABLE_MODULES = YES;
				CLANG_ENABLE_OBJC_ARC = YES;
				CLANG_ENABLE_OBJC_WEAK = YES;
				CLANG_WARN_BLOCK_CAPTURE_AUTORELEASING = YES;
				CLANG_WARN_BOOL_CONVERSION = YES;
				CLANG_WARN_COMMA = YES;
				CLANG_WARN_CONSTANT_CONVERSION = YES;
				CLANG_WARN_DEPRECATED_OBJC_IMPLEMENTATIONS = YES;
				CLANG_WARN_DIRECT_OBJC_ISA_USAGE = YES_ERROR;
				CLANG_WARN_DOCUMENTATION_COMMENTS = YES;
				CLANG_WARN_EMPTY_BODY = YES;
				CLANG_WARN_ENUM_CONVERSION = YES;
				CLANG_WARN_INFINITE_RECURSION = YES;
				CLANG_WARN_INT_CONVERSION = YES;
				CLANG_WARN_NON_LITERAL_NULL_CONVERSION = YES;
				CLANG_WARN_OBJC_IMPLICIT_RETAIN_SELF = YES;
				CLANG_WARN_OBJC_LITERAL_CONVERSION = YES;
				CLANG_WARN_OBJC_ROOT_CLASS = YES_ERROR;
				CLANG_WARN_QUOTED_INCLUDE_IN_FRAMEWORK_HEADER = YES;
				CLANG_WARN_RANGE_LOOP_ANALYSIS = YES;
				CLANG_WARN_STRICT_PROTOTYPES = YES;
				CLANG_WARN_SUSPICIOUS_MOVE = YES;
				CLANG_WARN_UNGUARDED_AVAILABILITY = YES_AGGRESSIVE;
				CLANG_WARN_UNREACHABLE_CODE = YES;
				CLANG_WARN__DUPLICATE_METHOD_MATCH = YES;
				COPY_PHASE_STRIP = NO;
				DEBUG_INFORMATION_FORMAT = "dwarf-with-dsym";
				ENABLE_NS_ASSERTIONS = NO;
				ENABLE_STRICT_OBJC_MSGSEND = YES;
				ENABLE_USER_SCRIPT_SANDBOXING = YES;
				GCC_C_LANGUAGE_STANDARD = gnu17;
				GCC_NO_COMMON_BLOCKS = YES;
				GCC_WARN_64_TO_32_BIT_CONVERSION = YES;
				GCC_WARN_ABOUT_RETURN_TYPE = YES_ERROR;
				GCC_WARN_UNDECLARED_SELECTOR = YES;
				GCC_WARN_UNINITIALIZED_AUTOS = YES_AGGRESSIVE;
				GCC_WARN_UNUSED_FUNCTION = YES;
				GCC_WARN_UNUSED_VARIABLE = YES;
				IPHONEOS_DEPLOYMENT_TARGET = 17.2;
				LOCALIZATION_PREFERS_STRING_CATALOGS = YES;
				MTL_ENABLE_DEBUG_INFO = NO;
				MTL_FAST_MATH = YES;
				SDKROOT = iphoneos;
				SWIFT_COMPILATION_MODE = wholemodule;
				VALIDATE_PRODUCT = YES;
			};
			name = Release;
		};
		82FD98422B758CFC00D811CF /* Debug */ = {
			isa = XCBuildConfiguration;
			buildSettings = {
				ASSETCATALOG_COMPILER_APPICON_NAME = AppIcon;
				ASSETCATALOG_COMPILER_GLOBAL_ACCENT_COLOR_NAME = AccentColor;
				CODE_SIGN_STYLE = Automatic;
				CURRENT_PROJECT_VERSION = 1;
				DEVELOPMENT_ASSET_PATHS = "\"NYCHighSchools/Preview Content\"";
				DEVELOPMENT_TEAM = TNL7Y7H322;
				ENABLE_PREVIEWS = YES;
				GENERATE_INFOPLIST_FILE = YES;
				INFOPLIST_KEY_UIApplicationSceneManifest_Generation = YES;
				INFOPLIST_KEY_UIApplicationSupportsIndirectInputEvents = YES;
				INFOPLIST_KEY_UILaunchScreen_Generation = YES;
				INFOPLIST_KEY_UISupportedInterfaceOrientations_iPad = "UIInterfaceOrientationPortrait UIInterfaceOrientationPortraitUpsideDown UIInterfaceOrientationLandscapeLeft UIInterfaceOrientationLandscapeRight";
				INFOPLIST_KEY_UISupportedInterfaceOrientations_iPhone = "UIInterfaceOrientationPortrait UIInterfaceOrientationLandscapeLeft UIInterfaceOrientationLandscapeRight";
				LD_RUNPATH_SEARCH_PATHS = (
					"$(inherited)",
					"@executable_path/Frameworks",
				);
				MARKETING_VERSION = 1.0;
				PRODUCT_BUNDLE_IDENTIFIER = Venkata.NYCHighSchools;
				PRODUCT_NAME = "$(TARGET_NAME)";
				SWIFT_EMIT_LOC_STRINGS = YES;
				SWIFT_VERSION = 5.0;
				TARGETED_DEVICE_FAMILY = "1,2";
			};
			name = Debug;
		};
		82FD98432B758CFC00D811CF /* Release */ = {
			isa = XCBuildConfiguration;
			buildSettings = {
				ASSETCATALOG_COMPILER_APPICON_NAME = AppIcon;
				ASSETCATALOG_COMPILER_GLOBAL_ACCENT_COLOR_NAME = AccentColor;
				CODE_SIGN_STYLE = Automatic;
				CURRENT_PROJECT_VERSION = 1;
				DEVELOPMENT_ASSET_PATHS = "\"NYCHighSchools/Preview Content\"";
				DEVELOPMENT_TEAM = TNL7Y7H322;
				ENABLE_PREVIEWS = YES;
				GENERATE_INFOPLIST_FILE = YES;
				INFOPLIST_KEY_UIApplicationSceneManifest_Generation = YES;
				INFOPLIST_KEY_UIApplicationSupportsIndirectInputEvents = YES;
				INFOPLIST_KEY_UILaunchScreen_Generation = YES;
				INFOPLIST_KEY_UISupportedInterfaceOrientations_iPad = "UIInterfaceOrientationPortrait UIInterfaceOrientationPortraitUpsideDown UIInterfaceOrientationLandscapeLeft UIInterfaceOrientationLandscapeRight";
				INFOPLIST_KEY_UISupportedInterfaceOrientations_iPhone = "UIInterfaceOrientationPortrait UIInterfaceOrientationLandscapeLeft UIInterfaceOrientationLandscapeRight";
				LD_RUNPATH_SEARCH_PATHS = (
					"$(inherited)",
					"@executable_path/Frameworks",
				);
				MARKETING_VERSION = 1.0;
				PRODUCT_BUNDLE_IDENTIFIER = Venkata.NYCHighSchools;
				PRODUCT_NAME = "$(TARGET_NAME)";
				SWIFT_EMIT_LOC_STRINGS = YES;
				SWIFT_VERSION = 5.0;
				TARGETED_DEVICE_FAMILY = "1,2";
			};
			name = Release;
		};
		82FD98452B758CFC00D811CF /* Debug */ = {
			isa = XCBuildConfiguration;
			buildSettings = {
				ALWAYS_EMBED_SWIFT_STANDARD_LIBRARIES = YES;
				BUNDLE_LOADER = "$(TEST_HOST)";
				CODE_SIGN_STYLE = Automatic;
				CURRENT_PROJECT_VERSION = 1;
				DEVELOPMENT_TEAM = TNL7Y7H322;
				GENERATE_INFOPLIST_FILE = YES;
				IPHONEOS_DEPLOYMENT_TARGET = 17.2;
				MARKETING_VERSION = 1.0;
				PRODUCT_BUNDLE_IDENTIFIER = Venkata.NYCHighSchoolsTests;
				PRODUCT_NAME = "$(TARGET_NAME)";
				SWIFT_EMIT_LOC_STRINGS = NO;
				SWIFT_VERSION = 5.0;
				TARGETED_DEVICE_FAMILY = "1,2";
				TEST_HOST = "$(BUILT_PRODUCTS_DIR)/NYCHighSchools.app/$(BUNDLE_EXECUTABLE_FOLDER_PATH)/NYCHighSchools";
			};
			name = Debug;
		};
		82FD98462B758CFC00D811CF /* Release */ = {
			isa = XCBuildConfiguration;
			buildSettings = {
				ALWAYS_EMBED_SWIFT_STANDARD_LIBRARIES = YES;
				BUNDLE_LOADER = "$(TEST_HOST)";
				CODE_SIGN_STYLE = Automatic;
				CURRENT_PROJECT_VERSION = 1;
				DEVELOPMENT_TEAM = TNL7Y7H322;
				GENERATE_INFOPLIST_FILE = YES;
				IPHONEOS_DEPLOYMENT_TARGET = 17.2;
				MARKETING_VERSION = 1.0;
				PRODUCT_BUNDLE_IDENTIFIER = Venkata.NYCHighSchoolsTests;
				PRODUCT_NAME = "$(TARGET_NAME)";
				SWIFT_EMIT_LOC_STRINGS = NO;
				SWIFT_VERSION = 5.0;
				TARGETED_DEVICE_FAMILY = "1,2";
				TEST_HOST = "$(BUILT_PRODUCTS_DIR)/NYCHighSchools.app/$(BUNDLE_EXECUTABLE_FOLDER_PATH)/NYCHighSchools";
			};
			name = Release;
		};
		82FD98482B758CFC00D811CF /* Debug */ = {
			isa = XCBuildConfiguration;
			buildSettings = {
				ALWAYS_EMBED_SWIFT_STANDARD_LIBRARIES = YES;
				CODE_SIGN_STYLE = Automatic;
				CURRENT_PROJECT_VERSION = 1;
				DEVELOPMENT_TEAM = TNL7Y7H322;
				GENERATE_INFOPLIST_FILE = YES;
				MARKETING_VERSION = 1.0;
				PRODUCT_BUNDLE_IDENTIFIER = Venkata.NYCHighSchoolsUITests;
				PRODUCT_NAME = "$(TARGET_NAME)";
				SWIFT_EMIT_LOC_STRINGS = NO;
				SWIFT_VERSION = 5.0;
				TARGETED_DEVICE_FAMILY = "1,2";
				TEST_TARGET_NAME = NYCHighSchools;
			};
			name = Debug;
		};
		82FD98492B758CFC00D811CF /* Release */ = {
			isa = XCBuildConfiguration;
			buildSettings = {
				ALWAYS_EMBED_SWIFT_STANDARD_LIBRARIES = YES;
				CODE_SIGN_STYLE = Automatic;
				CURRENT_PROJECT_VERSION = 1;
				DEVELOPMENT_TEAM = TNL7Y7H322;
				GENERATE_INFOPLIST_FILE = YES;
				MARKETING_VERSION = 1.0;
				PRODUCT_BUNDLE_IDENTIFIER = Venkata.NYCHighSchoolsUITests;
				PRODUCT_NAME = "$(TARGET_NAME)";
				SWIFT_EMIT_LOC_STRINGS = NO;
				SWIFT_VERSION = 5.0;
				TARGETED_DEVICE_FAMILY = "1,2";
				TEST_TARGET_NAME = NYCHighSchools;
			};
			name = Release;
		};
/* End XCBuildConfiguration section */

/* Begin XCConfigurationList section */
		82FD98182B758CF100D811CF /* Build configuration list for PBXProject "NYCHighSchools" */ = {
			isa = XCConfigurationList;
			buildConfigurations = (
				82FD983F2B758CFC00D811CF /* Debug */,
				82FD98402B758CFC00D811CF /* Release */,
			);
			defaultConfigurationIsVisible = 0;
			defaultConfigurationName = Release;
		};
		82FD98412B758CFC00D811CF /* Build configuration list for PBXNativeTarget "NYCHighSchools" */ = {
			isa = XCConfigurationList;
			buildConfigurations = (
				82FD98422B758CFC00D811CF /* Debug */,
				82FD98432B758CFC00D811CF /* Release */,
			);
			defaultConfigurationIsVisible = 0;
			defaultConfigurationName = Release;
		};
		82FD98442B758CFC00D811CF /* Build configuration list for PBXNativeTarget "NYCHighSchoolsTests" */ = {
			isa = XCConfigurationList;
			buildConfigurations = (
				82FD98452B758CFC00D811CF /* Debug */,
				82FD98462B758CFC00D811CF /* Release */,
			);
			defaultConfigurationIsVisible = 0;
			defaultConfigurationName = Release;
		};
		82FD98472B758CFC00D811CF /* Build configuration list for PBXNativeTarget "NYCHighSchoolsUITests" */ = {
			isa = XCConfigurationList;
			buildConfigurations = (
				82FD98482B758CFC00D811CF /* Debug */,
				82FD98492B758CFC00D811CF /* Release */,
			);
			defaultConfigurationIsVisible = 0;
			defaultConfigurationName = Release;
		};
/* End XCConfigurationList section */
	};
	rootObject = 82FD98152B758CF100D811CF /* Project object */;
}
